# This file is automatically @generated by Cargo.
# It is not intended for manual editing.
version = 3

[[package]]
name = "hello_macro"
version = "0.1.0"
dependencies = [
 "hello_macro_derive",
]

[[package]]
name = "hello_macro_derive"
version = "0.1.0"
dependencies = [
 "quote",
 "syn",
]

[[package]]
name = "proc-macro2"
version = "1.0.61"
source = "registry+https://github.com/rust-lang/crates.io-index"
checksum = "363a6f739a0c0addeaf6ed75150b95743aa18643a3c6f40409ed7b6db3a6911f"
dependencies = [
 "unicode-ident",
]

[[package]]
name = "quote"
version = "1.0.28"
source = "registry+https://github.com/rust-lang/crates.io-index"
checksum = "1b9ab9c7eadfd8df19006f1cf1a4aed13540ed5cbc047010ece5826e10825488"
dependencies = [
 "proc-macro2",
]

[[package]]
name = "syn"
version = "2.0.21"
source = "registry+https://github.com/rust-lang/crates.io-index"
checksum = "1182caafaab7018eaea9b404afa8184c0baf42a04d5e10ae4f4843c2029c8aab"
dependencies = [
 "proc-macro2",
 "quote",
 "unicode-ident",
]

[[package]]
name = "unicode-ident"
version = "1.0.9"
source = "registry+https://github.com/rust-lang/crates.io-index"
checksum = "b15811caf2415fb889178633e7724bad2509101cde276048e013b9def5e51fa0"
